
Microsoft Visual Studio Solution File, Format Version 12.00
# Visual Studio 15
VisualStudioVersion = 15.0.27428.2015
MinimumVisualStudioVersion = 10.0.40219.1
Project("{FAE04EC0-301F-11D3-BF4B-00C04F79EFBC}") = "PicoPlaca", "PicoPlaca.csproj", "{A019A42C-19D0-4CB9-B474-BAB46217BB0E}"
EndProject
Project("{FAE04EC0-301F-11D3-BF4B-00C04F79EFBC}") = "PicoPlacaTest", "..\PicoPlacaTest\PicoPlacaTest.csproj", "{AFB10F13-ACA1-471F-93A6-077579729716}"
EndProject
Global
	GlobalSection(SolutionConfigurationPlatforms) = preSolution
		Debug|Any CPU = Debug|Any CPU
		Release|Any CPU = Release|Any CPU
	EndGlobalSection
	GlobalSection(ProjectConfigurationPlatforms) = postSolution
		{A019A42C-19D0-4CB9-B474-BAB46217BB0E}.Debug|Any CPU.ActiveCfg = Debug|Any CPU
		{A019A42C-19D0-4CB9-B474-BAB46217BB0E}.Debug|Any CPU.Build.0 = Debug|Any CPU
		{A019A42C-19D0-4CB9-B474-BAB46217BB0E}.Release|Any CPU.ActiveCfg = Release|Any CPU
		{A019A42C-19D0-4CB9-B474-BAB46217BB0E}.Release|Any CPU.Build.0 = Release|Any CPU
		{AFB10F13-ACA1-471F-93A6-077579729716}.Debug|Any CPU.ActiveCfg = Debug|Any CPU
		{AFB10F13-ACA1-471F-93A6-077579729716}.Debug|Any CPU.Build.0 = Debug|Any CPU
		{AFB10F13-ACA1-471F-93A6-077579729716}.Release|Any CPU.ActiveCfg = Release|Any CPU
		{AFB10F13-ACA1-471F-93A6-077579729716}.Release|Any CPU.Build.0 = Release|Any CPU
	EndGlobalSection
	GlobalSection(SolutionProperties) = preSolution
		HideSolutionNode = FALSE
	EndGlobalSection
	GlobalSection(ExtensibilityGlobals) = postSolution
		SolutionGuid = {6CCBA88E-1AD3-4C51-81C0-F5CDB4B94B52}
	EndGlobalSection
EndGlobal
